
Microsoft Visual Studio Solution File, Format Version 12.00
# Visual Studio Version 17
VisualStudioVersion = 17.10.34928.147
MinimumVisualStudioVersion = 10.0.40219.1
Project("{FAE04EC0-301F-11D3-BF4B-00C04F79EFBC}") = "CommonElement", "CommonElement\CommonElement.csproj", "{50EC4065-406B-45F7-9D51-7AB2365CC91A}"
EndProject
Project("{FAE04EC0-301F-11D3-BF4B-00C04F79EFBC}") = "Common Element Test", "Common Element Test\Common Element Test.csproj", "{7748D035-5F1F-4F3E-AE29-AC381E802851}"
EndProject
Global
	GlobalSection(SolutionConfigurationPlatforms) = preSolution
		Debug|Any CPU = Debug|Any CPU
		Release|Any CPU = Release|Any CPU
	EndGlobalSection
	GlobalSection(ProjectConfigurationPlatforms) = postSolution
		{50EC4065-406B-45F7-9D51-7AB2365CC91A}.Debug|Any CPU.ActiveCfg = Debug|Any CPU
		{50EC4065-406B-45F7-9D51-7AB2365CC91A}.Debug|Any CPU.Build.0 = Debug|Any CPU
		{50EC4065-406B-45F7-9D51-7AB2365CC91A}.Release|Any CPU.ActiveCfg = Release|Any CPU
		{50EC4065-406B-45F7-9D51-7AB2365CC91A}.Release|Any CPU.Build.0 = Release|Any CPU
		{7748D035-5F1F-4F3E-AE29-AC381E802851}.Debug|Any CPU.ActiveCfg = Debug|Any CPU
		{7748D035-5F1F-4F3E-AE29-AC381E802851}.Debug|Any CPU.Build.0 = Debug|Any CPU
		{7748D035-5F1F-4F3E-AE29-AC381E802851}.Release|Any CPU.ActiveCfg = Release|Any CPU
		{7748D035-5F1F-4F3E-AE29-AC381E802851}.Release|Any CPU.Build.0 = Release|Any CPU
	EndGlobalSection
	GlobalSection(SolutionProperties) = preSolution
		HideSolutionNode = FALSE
	EndGlobalSection
	GlobalSection(ExtensibilityGlobals) = postSolution
		SolutionGuid = {35D81883-D15E-45CD-8E69-93DE569192B1}
	EndGlobalSection
EndGlobal
