
Microsoft Visual Studio Solution File, Format Version 12.00
# Visual Studio Version 17
VisualStudioVersion = 17.10.34928.147
MinimumVisualStudioVersion = 10.0.40219.1
Project("{FAE04EC0-301F-11D3-BF4B-00C04F79EFBC}") = "ConsoleApp1", "ConsoleApp1\ConsoleApp1.csproj", "{72071766-6CC1-4033-AE77-020C91DBFE67}"
EndProject
Project("{FAE04EC0-301F-11D3-BF4B-00C04F79EFBC}") = "Reverse Word Test", "Reverse Word Test\Reverse Word Test.csproj", "{02AED555-14A2-4091-A18F-B8677140AF66}"
EndProject
Global
	GlobalSection(SolutionConfigurationPlatforms) = preSolution
		Debug|Any CPU = Debug|Any CPU
		Release|Any CPU = Release|Any CPU
	EndGlobalSection
	GlobalSection(ProjectConfigurationPlatforms) = postSolution
		{72071766-6CC1-4033-AE77-020C91DBFE67}.Debug|Any CPU.ActiveCfg = Debug|Any CPU
		{72071766-6CC1-4033-AE77-020C91DBFE67}.Debug|Any CPU.Build.0 = Debug|Any CPU
		{72071766-6CC1-4033-AE77-020C91DBFE67}.Release|Any CPU.ActiveCfg = Release|Any CPU
		{72071766-6CC1-4033-AE77-020C91DBFE67}.Release|Any CPU.Build.0 = Release|Any CPU
		{02AED555-14A2-4091-A18F-B8677140AF66}.Debug|Any CPU.ActiveCfg = Debug|Any CPU
		{02AED555-14A2-4091-A18F-B8677140AF66}.Debug|Any CPU.Build.0 = Debug|Any CPU
		{02AED555-14A2-4091-A18F-B8677140AF66}.Release|Any CPU.ActiveCfg = Release|Any CPU
		{02AED555-14A2-4091-A18F-B8677140AF66}.Release|Any CPU.Build.0 = Release|Any CPU
	EndGlobalSection
	GlobalSection(SolutionProperties) = preSolution
		HideSolutionNode = FALSE
	EndGlobalSection
	GlobalSection(ExtensibilityGlobals) = postSolution
		SolutionGuid = {8C7CA09C-F34A-4702-A036-A14BE5CD1B39}
	EndGlobalSection
EndGlobal
